
Microsoft Visual Studio Solution File, Format Version 12.00
# Visual Studio Version 16
VisualStudioVersion = 16.0.30611.23
MinimumVisualStudioVersion = 10.0.40219.1
Project("{FAE04EC0-301F-11D3-BF4B-00C04F79EFBC}") = "cihazTakip", "cihazTakip\cihazTakip.csproj", "{1AF5FF30-67A6-4E24-95EE-105B691AB09E}"
EndProject
Global
	GlobalSection(SolutionConfigurationPlatforms) = preSolution
		Debug|Any CPU = Debug|Any CPU
		Release|Any CPU = Release|Any CPU
	EndGlobalSection
	GlobalSection(ProjectConfigurationPlatforms) = postSolution
		{1AF5FF30-67A6-4E24-95EE-105B691AB09E}.Debug|Any CPU.ActiveCfg = Debug|Any CPU
		{1AF5FF30-67A6-4E24-95EE-105B691AB09E}.Debug|Any CPU.Build.0 = Debug|Any CPU
		{1AF5FF30-67A6-4E24-95EE-105B691AB09E}.Release|Any CPU.ActiveCfg = Release|Any CPU
		{1AF5FF30-67A6-4E24-95EE-105B691AB09E}.Release|Any CPU.Build.0 = Release|Any CPU
	EndGlobalSection
	GlobalSection(SolutionProperties) = preSolution
		HideSolutionNode = FALSE
	EndGlobalSection
	GlobalSection(ExtensibilityGlobals) = postSolution
		SolutionGuid = {EB6FEFA3-D0E5-46B5-9A9D-091AC2537FF8}
	EndGlobalSection
EndGlobal
